
Microsoft Visual Studio Solution File, Format Version 12.00
# Visual Studio Version 16
VisualStudioVersion = 16.0.30907.101
MinimumVisualStudioVersion = 10.0.40219.1
Project("{FAE04EC0-301F-11D3-BF4B-00C04F79EFBC}") = "Backwaren", "Backwaren\Backwaren.csproj", "{017A3F87-1533-4890-87B1-0661910D55C7}"
EndProject
Global
	GlobalSection(SolutionConfigurationPlatforms) = preSolution
		Debug|Any CPU = Debug|Any CPU
		Release|Any CPU = Release|Any CPU
	EndGlobalSection
	GlobalSection(ProjectConfigurationPlatforms) = postSolution
		{017A3F87-1533-4890-87B1-0661910D55C7}.Debug|Any CPU.ActiveCfg = Debug|Any CPU
		{017A3F87-1533-4890-87B1-0661910D55C7}.Debug|Any CPU.Build.0 = Debug|Any CPU
		{017A3F87-1533-4890-87B1-0661910D55C7}.Release|Any CPU.ActiveCfg = Release|Any CPU
		{017A3F87-1533-4890-87B1-0661910D55C7}.Release|Any CPU.Build.0 = Release|Any CPU
	EndGlobalSection
	GlobalSection(SolutionProperties) = preSolution
		HideSolutionNode = FALSE
	EndGlobalSection
	GlobalSection(ExtensibilityGlobals) = postSolution
		SolutionGuid = {A243176D-F9CC-4888-B974-BB061BD780DE}
	EndGlobalSection
EndGlobal
